// !$*UTF8*$!
{
	archiveVersion = 1;
	classes = {
	};
	objectVersion = 46;
	objects = {

/* Begin PBXBuildFile section */
		1AF1191B1CA76993002B4BE9 /* main.m in Sources */ = {isa = PBXBuildFile; fileRef = 1AF1191A1CA76993002B4BE9 /* main.m */; };
		1AF1191E1CA76993002B4BE9 /* AppDelegate.m in Sources */ = {isa = PBXBuildFile; fileRef = 1AF1191D1CA76993002B4BE9 /* AppDelegate.m */; };
		1AF119211CA76993002B4BE9 /* ViewController.m in Sources */ = {isa = PBXBuildFile; fileRef = 1AF119201CA76993002B4BE9 /* ViewController.m */; };
		1AF119241CA76993002B4BE9 /* Main.storyboard in Resources */ = {isa = PBXBuildFile; fileRef = 1AF119221CA76993002B4BE9 /* Main.storyboard */; };
		1AF119261CA76993002B4BE9 /* Assets.xcassets in Resources */ = {isa = PBXBuildFile; fileRef = 1AF119251CA76993002B4BE9 /* Assets.xcassets */; };
		1AF119291CA76993002B4BE9 /* LaunchScreen.storyboard in Resources */ = {isa = PBXBuildFile; fileRef = 1AF119271CA76993002B4BE9 /* LaunchScreen.storyboard */; };
		1AF119321CA769EF002B4BE9 /* CustomPicker.m in Sources */ = {isa = PBXBuildFile; fileRef = 1AF119311CA769EF002B4BE9 /* CustomPicker.m */; };
		1AF119351CA7C99C002B4BE9 /* DatePicker.m in Sources */ = {isa = PBXBuildFile; fileRef = 1AF119341CA7C99C002B4BE9 /* DatePicker.m */; };
/* End PBXBuildFile section */

/* Begin PBXFileReference section */
		1AF119161CA76993002B4BE9 /* PickerControl.app */ = {isa = PBXFileReference; explicitFileType = wrapper.application; includeInIndex = 0; path = PickerControl.app; sourceTree = BUILT_PRODUCTS_DIR; };
		1AF1191A1CA76993002B4BE9 /* main.m */ = {isa = PBXFileReference; lastKnownFileType = sourcecode.c.objc; path = main.m; sourceTree = "<group>"; };
		1AF1191C1CA76993002B4BE9 /* AppDelegate.h */ = {isa = PBXFileReference; lastKnownFileType = sourcecode.c.h; path = AppDelegate.h; sourceTree = "<group>"; };
		1AF1191D1CA76993002B4BE9 /* AppDelegate.m */ = {isa = PBXFileReference; lastKnownFileType = sourcecode.c.objc; path = AppDelegate.m; sourceTree = "<group>"; };
		1AF1191F1CA76993002B4BE9 /* ViewController.h */ = {isa = PBXFileReference; lastKnownFileType = sourcecode.c.h; path = ViewController.h; sourceTree = "<group>"; };
		1AF119201CA76993002B4BE9 /* ViewController.m */ = {isa = PBXFileReference; lastKnownFileType = sourcecode.c.objc; path = ViewController.m; sourceTree = "<group>"; };
		1AF119231CA76993002B4BE9 /* Base */ = {isa = PBXFileReference; lastKnownFileType = file.storyboard; name = Base; path = Base.lproj/Main.storyboard; sourceTree = "<group>"; };
		1AF119251CA76993002B4BE9 /* Assets.xcassets */ = {isa = PBXFileReference; lastKnownFileType = folder.assetcatalog; path = Assets.xcassets; sourceTree = "<group>"; };
		1AF119281CA76993002B4BE9 /* Base */ = {isa = PBXFileReference; lastKnownFileType = file.storyboard; name = Base; path = Base.lproj/LaunchScreen.storyboard; sourceTree = "<group>"; };
		1AF1192A1CA76993002B4BE9 /* Info.plist */ = {isa = PBXFileReference; lastKnownFileType = text.plist.xml; path = Info.plist; sourceTree = "<group>"; };
		1AF119301CA769EF002B4BE9 /* CustomPicker.h */ = {isa = PBXFileReference; fileEncoding = 4; lastKnownFileType = sourcecode.c.h; path = CustomPicker.h; sourceTree = "<group>"; };
		1AF119311CA769EF002B4BE9 /* CustomPicker.m */ = {isa = PBXFileReference; fileEncoding = 4; lastKnownFileType = sourcecode.c.objc; path = CustomPicker.m; sourceTree = "<group>"; };
		1AF119331CA7C99C002B4BE9 /* DatePicker.h */ = {isa = PBXFileReference; fileEncoding = 4; lastKnownFileType = sourcecode.c.h; path = DatePicker.h; sourceTree = "<group>"; };
		1AF119341CA7C99C002B4BE9 /* DatePicker.m */ = {isa = PBXFileReference; fileEncoding = 4; lastKnownFileType = sourcecode.c.objc; path = DatePicker.m; sourceTree = "<group>"; };
/* End PBXFileReference section */

/* Begin PBXFrameworksBuildPhase section */
		1AF119131CA76993002B4BE9 /* Frameworks */ = {
			isa = PBXFrameworksBuildPhase;
			buildActionMask = 2147483647;
			files = (
			);
			runOnlyForDeploymentPostprocessing = 0;
		};
/* End PBXFrameworksBuildPhase section */

/* Begin PBXGroup section */
		1AF1190D1CA76993002B4BE9 = {
			isa = PBXGroup;
			children = (
				1AF119181CA76993002B4BE9 /* PickerControl */,
				1AF119171CA76993002B4BE9 /* Products */,
			);
			sourceTree = "<group>";
		};
		1AF119171CA76993002B4BE9 /* Products */ = {
			isa = PBXGroup;
			children = (
				1AF119161CA76993002B4BE9 /* PickerControl.app */,
			);
			name = Products;
			sourceTree = "<group>";
		};
		1AF119181CA76993002B4BE9 /* PickerControl */ = {
			isa = PBXGroup;
			children = (
				1AF1191C1CA76993002B4BE9 /* AppDelegate.h */,
				1AF1191D1CA76993002B4BE9 /* AppDelegate.m */,
				1AF1191F1CA76993002B4BE9 /* ViewController.h */,
				1AF119201CA76993002B4BE9 /* ViewController.m */,
				1AF119331CA7C99C002B4BE9 /* DatePicker.h */,
				1AF119341CA7C99C002B4BE9 /* DatePicker.m */,
				1AF119301CA769EF002B4BE9 /* CustomPicker.h */,
				1AF119311CA769EF002B4BE9 /* CustomPicker.m */,
				1AF119221CA76993002B4BE9 /* Main.storyboard */,
				1AF119251CA76993002B4BE9 /* Assets.xcassets */,
				1AF119271CA76993002B4BE9 /* LaunchScreen.storyboard */,
				1AF1192A1CA76993002B4BE9 /* Info.plist */,
				1AF119191CA76993002B4BE9 /* Supporting Files */,
			);
			path = PickerControl;
			sourceTree = "<group>";
		};
		1AF119191CA76993002B4BE9 /* Supporting Files */ = {
			isa = PBXGroup;
			children = (
				1AF1191A1CA76993002B4BE9 /* main.m */,
			);
			name = "Supporting Files";
			sourceTree = "<group>";
		};
/* End PBXGroup section */

/* Begin PBXNativeTarget section */
		1AF119151CA76993002B4BE9 /* PickerControl */ = {
			isa = PBXNativeTarget;
			buildConfigurationList = 1AF1192D1CA76993002B4BE9 /* Build configuration list for PBXNativeTarget "PickerControl" */;
			buildPhases = (
				1AF119121CA76993002B4BE9 /* Sources */,
				1AF119131CA76993002B4BE9 /* Frameworks */,
				1AF119141CA76993002B4BE9 /* Resources */,
			);
			buildRules = (
			);
			dependencies = (
			);
			name = PickerControl;
			productName = PickerControl;
			productReference = 1AF119161CA76993002B4BE9 /* PickerControl.app */;
			productType = "com.apple.product-type.application";
		};
/* End PBXNativeTarget section */

/* Begin PBXProject section */
		1AF1190E1CA76993002B4BE9 /* Project object */ = {
			isa = PBXProject;
			attributes = {
				LastUpgradeCheck = 0720;
				ORGANIZATIONNAME = Picker;
				TargetAttributes = {
					1AF119151CA76993002B4BE9 = {
						CreatedOnToolsVersion = 7.2.1;
					};
				};
			};
			buildConfigurationList = 1AF119111CA76993002B4BE9 /* Build configuration list for PBXProject "PickerControl" */;
			compatibilityVersion = "Xcode 3.2";
			developmentRegion = English;
			hasScannedForEncodings = 0;
			knownRegions = (
				en,
				Base,
			);
			mainGroup = 1AF1190D1CA76993002B4BE9;
			productRefGroup = 1AF119171CA76993002B4BE9 /* Products */;
			projectDirPath = "";
			projectRoot = "";
			targets = (
				1AF119151CA76993002B4BE9 /* PickerControl */,
			);
		};
/* End PBXProject section */

/* Begin PBXResourcesBuildPhase section */
		1AF119141CA76993002B4BE9 /* Resources */ = {
			isa = PBXResourcesBuildPhase;
			buildActionMask = 2147483647;
			files = (
				1AF119291CA76993002B4BE9 /* LaunchScreen.storyboard in Resources */,
				1AF119261CA76993002B4BE9 /* Assets.xcassets in Resources */,
				1AF119241CA76993002B4BE9 /* Main.storyboard in Resources */,
			);
			runOnlyForDeploymentPostprocessing = 0;
		};
/* End PBXResourcesBuildPhase section */

/* Begin PBXSourcesBuildPhase section */
		1AF119121CA76993002B4BE9 /* Sources */ = {
			isa = PBXSourcesBuildPhase;
			buildActionMask = 2147483647;
			files = (
				1AF119211CA76993002B4BE9 /* ViewController.m in Sources */,
				1AF1191E1CA76993002B4BE9 /* AppDelegate.m in Sources */,
				1AF119321CA769EF002B4BE9 /* CustomPicker.m in Sources */,
				1AF1191B1CA76993002B4BE9 /* main.m in Sources */,
				1AF119351CA7C99C002B4BE9 /* DatePicker.m in Sources */,
			);
			runOnlyForDeploymentPostprocessing = 0;
		};
/* End PBXSourcesBuildPhase section */

/* Begin PBXVariantGroup section */
		1AF119221CA76993002B4BE9 /* Main.storyboard */ = {
			isa = PBXVariantGroup;
			children = (
				1AF119231CA76993002B4BE9 /* Base */,
			);
			name = Main.storyboard;
			sourceTree = "<group>";
		};
		1AF119271CA76993002B4BE9 /* LaunchScreen.storyboard */ = {
			isa = PBXVariantGroup;
			children = (
				1AF119281CA76993002B4BE9 /* Base */,
			);
			name = LaunchScreen.storyboard;
			sourceTree = "<group>";
		};
/* End PBXVariantGroup section */

/* Begin XCBuildConfiguration section */
		1AF1192B1CA76993002B4BE9 /* Debug */ = {
			isa = XCBuildConfiguration;
			buildSettings = {
				ALWAYS_SEARCH_USER_PATHS = NO;
				CLANG_CXX_LANGUAGE_STANDARD = "gnu++0x";
				CLANG_CXX_LIBRARY = "libc++";
				CLANG_ENABLE_MODULES = YES;
				CLANG_ENABLE_OBJC_ARC = YES;
				CLANG_WARN_BOOL_CONVERSION = YES;
				CLANG_WARN_CONSTANT_CONVERSION = YES;
				CLANG_WARN_DIRECT_OBJC_ISA_USAGE = YES_ERROR;
				CLANG_WARN_EMPTY_BODY = YES;
				CLANG_WARN_ENUM_CONVERSION = YES;
				CLANG_WARN_INT_CONVERSION = YES;
				CLANG_WARN_OBJC_ROOT_CLASS = YES_ERROR;
				CLANG_WARN_UNREACHABLE_CODE = YES;
				CLANG_WARN__DUPLICATE_METHOD_MATCH = YES;
				"CODE_SIGN_IDENTITY[sdk=iphoneos*]" = "iPhone Developer";
				COPY_PHASE_STRIP = NO;
				DEBUG_INFORMATION_FORMAT = dwarf;
				ENABLE_STRICT_OBJC_MSGSEND = YES;
				ENABLE_TESTABILITY = YES;
				GCC_C_LANGUAGE_STANDARD = gnu99;
				GCC_DYNAMIC_NO_PIC = NO;
				GCC_NO_COMMON_BLOCKS = YES;
				GCC_OPTIMIZATION_LEVEL = 0;
				GCC_PREPROCESSOR_DEFINITIONS = (
					"DEBUG=1",
					"$(inherited)",
				);
				GCC_WARN_64_TO_32_BIT_CONVERSION = YES;
				GCC_WARN_ABOUT_RETURN_TYPE = YES_ERROR;
				GCC_WARN_UNDECLARED_SELECTOR = YES;
				GCC_WARN_UNINITIALIZED_AUTOS = YES_AGGRESSIVE;
				GCC_WARN_UNUSED_FUNCTION = YES;
				GCC_WARN_UNUSED_VARIABLE = YES;
				IPHONEOS_DEPLOYMENT_TARGET = 9.2;
				MTL_ENABLE_DEBUG_INFO = YES;
				ONLY_ACTIVE_ARCH = YES;
				SDKROOT = iphoneos;
			};
			name = Debug;
		};
		1AF1192C1CA76993002B4BE9 /* Release */ = {
			isa = XCBuildConfiguration;
			buildSettings = {
				ALWAYS_SEARCH_USER_PATHS = NO;
				CLANG_CXX_LANGUAGE_STANDARD = "gnu++0x";
				CLANG_CXX_LIBRARY = "libc++";
				CLANG_ENABLE_MODULES = YES;
				CLANG_ENABLE_OBJC_ARC = YES;
				CLANG_WARN_BOOL_CONVERSION = YES;
				CLANG_WARN_CONSTANT_CONVERSION = YES;
				CLANG_WARN_DIRECT_OBJC_ISA_USAGE = YES_ERROR;
				CLANG_WARN_EMPTY_BODY = YES;
				CLANG_WARN_ENUM_CONVERSION = YES;
				CLANG_WARN_INT_CONVERSION = YES;
				CLANG_WARN_OBJC_ROOT_CLASS = YES_ERROR;
				CLANG_WARN_UNREACHABLE_CODE = YES;
				CLANG_WARN__DUPLICATE_METHOD_MATCH = YES;
				"CODE_SIGN_IDENTITY[sdk=iphoneos*]" = "iPhone Developer";
				COPY_PHASE_STRIP = NO;
				DEBUG_INFORMATION_FORMAT = "dwarf-with-dsym";
				ENABLE_NS_ASSERTIONS = NO;
				ENABLE_STRICT_OBJC_MSGSEND = YES;
				GCC_C_LANGUAGE_STANDARD = gnu99;
				GCC_NO_COMMON_BLOCKS = YES;
				GCC_WARN_64_TO_32_BIT_CONVERSION = YES;
				GCC_WARN_ABOUT_RETURN_TYPE = YES_ERROR;
				GCC_WARN_UNDECLARED_SELECTOR = YES;
				GCC_WARN_UNINITIALIZED_AUTOS = YES_AGGRESSIVE;
				GCC_WARN_UNUSED_FUNCTION = YES;
				GCC_WARN_UNUSED_VARIABLE = YES;
				IPHONEOS_DEPLOYMENT_TARGET = 9.2;
				MTL_ENABLE_DEBUG_INFO = NO;
				SDKROOT = iphoneos;
				VALIDATE_PRODUCT = YES;
			};
			name = Release;
		};
		1AF1192E1CA76993002B4BE9 /* Debug */ = {
			isa = XCBuildConfiguration;
			buildSettings = {
				ASSETCATALOG_COMPILER_APPICON_NAME = AppIcon;
				INFOPLIST_FILE = PickerControl/Info.plist;
				IPHONEOS_DEPLOYMENT_TARGET = 9.0;
				LD_RUNPATH_SEARCH_PATHS = "$(inherited) @executable_path/Frameworks";
				PRODUCT_BUNDLE_IDENTIFIER = com.picker.PickerControl;
				PRODUCT_NAME = "$(TARGET_NAME)";
			};
			name = Debug;
		};
		1AF1192F1CA76993002B4BE9 /* Release */ = {
			isa = XCBuildConfiguration;
			buildSettings = {
				ASSETCATALOG_COMPILER_APPICON_NAME = AppIcon;
				INFOPLIST_FILE = PickerControl/Info.plist;
				IPHONEOS_DEPLOYMENT_TARGET = 9.0;
				LD_RUNPATH_SEARCH_PATHS = "$(inherited) @executable_path/Frameworks";
				PRODUCT_BUNDLE_IDENTIFIER = com.picker.PickerControl;
				PRODUCT_NAME = "$(TARGET_NAME)";
			};
			name = Release;
		};
/* End XCBuildConfiguration section */

/* Begin XCConfigurationList section */
		1AF119111CA76993002B4BE9 /* Build configuration list for PBXProject "PickerControl" */ = {
			isa = XCConfigurationList;
			buildConfigurations = (
				1AF1192B1CA76993002B4BE9 /* Debug */,
				1AF1192C1CA76993002B4BE9 /* Release */,
			);
			defaultConfigurationIsVisible = 0;
			defaultConfigurationName = Release;
		};
		1AF1192D1CA76993002B4BE9 /* Build configuration list for PBXNativeTarget "PickerControl" */ = {
			isa = XCConfigurationList;
			buildConfigurations = (
				1AF1192E1CA76993002B4BE9 /* Debug */,
				1AF1192F1CA76993002B4BE9 /* Release */,
			);
			defaultConfigurationIsVisible = 0;
			defaultConfigurationName = Release;
		};
/* End XCConfigurationList section */
	};
	rootObject = 1AF1190E1CA76993002B4BE9 /* Project object */;
}
